// !$*UTF8*$!
{
	archiveVersion = 1;
	classes = {
	};
	objectVersion = 46;
	objects = {

/* Begin PBXBuildFile section */
		DB1EB5291E6CE359009C3778 /* fileIO.cpp in Sources */ = {isa = PBXBuildFile; fileRef = DB1EB5281E6CE359009C3778 /* fileIO.cpp */; };
		DB5764231D9B0D75005EC1DC /* application.cpp in Sources */ = {isa = PBXBuildFile; fileRef = DB5764081D9B0D75005EC1DC /* application.cpp */; };
		DB5764281D9B0D75005EC1DC /* mobileApp.cpp in Sources */ = {isa = PBXBuildFile; fileRef = DB57640D1D9B0D75005EC1DC /* mobileApp.cpp */; };
		DB5764321D9B10B0005EC1DC /* app.cpp in Sources */ = {isa = PBXBuildFile; fileRef = DB5764301D9B10B0005EC1DC /* app.cpp */; };
		DB5764341D9B1370005EC1DC /* oglApp.cpp in Sources */ = {isa = PBXBuildFile; fileRef = DB5764331D9B1370005EC1DC /* oglApp.cpp */; };
		DB67F4551E7B824700567FFE /* json.cpp in Sources */ = {isa = PBXBuildFile; fileRef = DB67F4531E7B824700567FFE /* json.cpp */; };
		DB67F4561E7B824700567FFE /* threading.cpp in Sources */ = {isa = PBXBuildFile; fileRef = DB67F4541E7B824700567FFE /* threading.cpp */; };
		DBC0CAC91E137B500042743A /* (null) in Sources */ = {isa = PBXBuildFile; };
		DBE900F31EAEAA1700E101D2 /* event.cpp in Sources */ = {isa = PBXBuildFile; fileRef = DBE900F21EAEAA1700E101D2 /* event.cpp */; };
		DBEC77361C7F9BE600154D57 /* main.m in Sources */ = {isa = PBXBuildFile; fileRef = DBEC77351C7F9BE600154D57 /* main.m */; };
		DBEC77391C7F9BE600154D57 /* AppDelegate.mm in Sources */ = {isa = PBXBuildFile; fileRef = DBEC77381C7F9BE600154D57 /* AppDelegate.mm */; };
		DBEC77401C7F9BE600154D57 /* GameViewController.mm in Sources */ = {isa = PBXBuildFile; fileRef = DBEC773F1C7F9BE600154D57 /* GameViewController.mm */; };
		DBEC77A31C7FBC0A00154D57 /* GLKit.framework in Frameworks */ = {isa = PBXBuildFile; fileRef = DBEC77A21C7FBC0A00154D57 /* GLKit.framework */; };
/* End PBXBuildFile section */

/* Begin PBXFileReference section */
		DB1EB5281E6CE359009C3778 /* fileIO.cpp */ = {isa = PBXFileReference; fileEncoding = 4; lastKnownFileType = sourcecode.cpp.cpp; name = fileIO.cpp; path = src/fileIO.cpp; sourceTree = "<group>"; };
		DB5764081D9B0D75005EC1DC /* application.cpp */ = {isa = PBXFileReference; fileEncoding = 4; lastKnownFileType = sourcecode.cpp.cpp; name = application.cpp; path = src/application.cpp; sourceTree = "<group>"; };
		DB57640D1D9B0D75005EC1DC /* mobileApp.cpp */ = {isa = PBXFileReference; fileEncoding = 4; lastKnownFileType = sourcecode.cpp.cpp; name = mobileApp.cpp; path = src/mobileApp.cpp; sourceTree = "<group>"; };
		DB5764301D9B10B0005EC1DC /* app.cpp */ = {isa = PBXFileReference; fileEncoding = 4; lastKnownFileType = sourcecode.cpp.cpp; name = app.cpp; path = src/app.cpp; sourceTree = SOURCE_ROOT; };
		DB5764311D9B10B0005EC1DC /* app.h */ = {isa = PBXFileReference; fileEncoding = 4; lastKnownFileType = sourcecode.c.h; name = app.h; path = src/app.h; sourceTree = SOURCE_ROOT; };
		DB5764331D9B1370005EC1DC /* oglApp.cpp */ = {isa = PBXFileReference; fileEncoding = 4; lastKnownFileType = sourcecode.cpp.cpp; name = oglApp.cpp; path = src/oglApp.cpp; sourceTree = "<group>"; };
		DB67F4531E7B824700567FFE /* json.cpp */ = {isa = PBXFileReference; fileEncoding = 4; lastKnownFileType = sourcecode.cpp.cpp; name = json.cpp; path = src/json.cpp; sourceTree = "<group>"; };
		DB67F4541E7B824700567FFE /* threading.cpp */ = {isa = PBXFileReference; fileEncoding = 4; lastKnownFileType = sourcecode.cpp.cpp; name = threading.cpp; path = src/threading.cpp; sourceTree = "<group>"; };
		DBE900F21EAEAA1700E101D2 /* event.cpp */ = {isa = PBXFileReference; fileEncoding = 4; lastKnownFileType = sourcecode.cpp.cpp; name = event.cpp; path = src/event.cpp; sourceTree = "<group>"; };
		DBEC77311C7F9BE600154D57 /* appTest.app */ = {isa = PBXFileReference; explicitFileType = wrapper.application; includeInIndex = 0; path = appTest.app; sourceTree = BUILT_PRODUCTS_DIR; };
		DBEC77351C7F9BE600154D57 /* main.m */ = {isa = PBXFileReference; lastKnownFileType = sourcecode.c.objc; name = main.m; path = iOS/main.m; sourceTree = SOURCE_ROOT; };
		DBEC77371C7F9BE600154D57 /* AppDelegate.h */ = {isa = PBXFileReference; lastKnownFileType = sourcecode.c.h; name = AppDelegate.h; path = iOS/AppDelegate.h; sourceTree = SOURCE_ROOT; };
		DBEC77381C7F9BE600154D57 /* AppDelegate.mm */ = {isa = PBXFileReference; lastKnownFileType = sourcecode.cpp.objcpp; name = AppDelegate.mm; path = iOS/AppDelegate.mm; sourceTree = SOURCE_ROOT; };
		DBEC773E1C7F9BE600154D57 /* GameViewController.h */ = {isa = PBXFileReference; lastKnownFileType = sourcecode.c.h; name = GameViewController.h; path = iOS/GameViewController.h; sourceTree = SOURCE_ROOT; };
		DBEC773F1C7F9BE600154D57 /* GameViewController.mm */ = {isa = PBXFileReference; lastKnownFileType = sourcecode.cpp.objcpp; name = GameViewController.mm; path = iOS/GameViewController.mm; sourceTree = SOURCE_ROOT; };
		DBEC77491C7F9BE600154D57 /* Info.plist */ = {isa = PBXFileReference; lastKnownFileType = text.plist.xml; name = Info.plist; path = iOS/Info.plist; sourceTree = SOURCE_ROOT; };
		DBEC77A21C7FBC0A00154D57 /* GLKit.framework */ = {isa = PBXFileReference; lastKnownFileType = wrapper.framework; name = GLKit.framework; path = System/Library/Frameworks/GLKit.framework; sourceTree = SDKROOT; };
/* End PBXFileReference section */

/* Begin PBXFrameworksBuildPhase section */
		DBEC772E1C7F9BE600154D57 /* Frameworks */ = {
			isa = PBXFrameworksBuildPhase;
			buildActionMask = 2147483647;
			files = (
				DBEC77A31C7FBC0A00154D57 /* GLKit.framework in Frameworks */,
			);
			runOnlyForDeploymentPostprocessing = 0;
		};
/* End PBXFrameworksBuildPhase section */

/* Begin PBXGroup section */
		DB5763FA1D9B0D75005EC1DC /* fiApp */ = {
			isa = PBXGroup;
			children = (
				DBE900F21EAEAA1700E101D2 /* event.cpp */,
				DB67F4531E7B824700567FFE /* json.cpp */,
				DB67F4541E7B824700567FFE /* threading.cpp */,
				DB1EB5281E6CE359009C3778 /* fileIO.cpp */,
				DB5764331D9B1370005EC1DC /* oglApp.cpp */,
				DB5764081D9B0D75005EC1DC /* application.cpp */,
				DB57640D1D9B0D75005EC1DC /* mobileApp.cpp */,
			);
			name = fiApp;
			path = ../../fiApp;
			sourceTree = SOURCE_ROOT;
		};
		DBC595FE1D654E3100B3FDF8 /* source */ = {
			isa = PBXGroup;
			children = (
				DB5764301D9B10B0005EC1DC /* app.cpp */,
				DB5764311D9B10B0005EC1DC /* app.h */,
				DB5763FA1D9B0D75005EC1DC /* fiApp */,
			);
			name = source;
			path = appTest;
			sourceTree = "<group>";
		};
		DBEC77281C7F9BE500154D57 = {
			isa = PBXGroup;
			children = (
				DBEC77A21C7FBC0A00154D57 /* GLKit.framework */,
				DBC595FE1D654E3100B3FDF8 /* source */,
				DBEC77331C7F9BE600154D57 /* appTest */,
				DBEC77321C7F9BE600154D57 /* Products */,
			);
			sourceTree = "<group>";
		};
		DBEC77321C7F9BE600154D57 /* Products */ = {
			isa = PBXGroup;
			children = (
				DBEC77311C7F9BE600154D57 /* appTest.app */,
			);
			name = Products;
			sourceTree = "<group>";
		};
		DBEC77331C7F9BE600154D57 /* appTest */ = {
			isa = PBXGroup;
			children = (
				DBEC77371C7F9BE600154D57 /* AppDelegate.h */,
				DBEC77381C7F9BE600154D57 /* AppDelegate.mm */,
				DBEC773E1C7F9BE600154D57 /* GameViewController.h */,
				DBEC773F1C7F9BE600154D57 /* GameViewController.mm */,
				DBEC77491C7F9BE600154D57 /* Info.plist */,
				DBEC77341C7F9BE600154D57 /* Supporting Files */,
			);
			path = appTest;
			sourceTree = "<group>";
		};
		DBEC77341C7F9BE600154D57 /* Supporting Files */ = {
			isa = PBXGroup;
			children = (
				DBEC77351C7F9BE600154D57 /* main.m */,
			);
			name = "Supporting Files";
			sourceTree = "<group>";
		};
/* End PBXGroup section */

/* Begin PBXNativeTarget section */
		DBEC77301C7F9BE600154D57 /* appTest */ = {
			isa = PBXNativeTarget;
			buildConfigurationList = DBEC774C1C7F9BE600154D57 /* Build configuration list for PBXNativeTarget "appTest" */;
			buildPhases = (
				DBEC772D1C7F9BE600154D57 /* Sources */,
				DBEC772E1C7F9BE600154D57 /* Frameworks */,
				DBEC772F1C7F9BE600154D57 /* Resources */,
			);
			buildRules = (
			);
			dependencies = (
			);
			name = appTest;
			productName = appTest;
			productReference = DBEC77311C7F9BE600154D57 /* appTest.app */;
			productType = "com.apple.product-type.application";
		};
/* End PBXNativeTarget section */

/* Begin PBXProject section */
		DBEC77291C7F9BE500154D57 /* Project object */ = {
			isa = PBXProject;
			attributes = {
				LastUpgradeCheck = 1420;
				ORGANIZATIONNAME = "Frustum Interactive";
				TargetAttributes = {
					DBEC77301C7F9BE600154D57 = {
						CreatedOnToolsVersion = 7.2;
					};
				};
			};
			buildConfigurationList = DBEC772C1C7F9BE500154D57 /* Build configuration list for PBXProject "appTest" */;
			compatibilityVersion = "Xcode 3.2";
			developmentRegion = en;
			hasScannedForEncodings = 0;
			knownRegions = (
				en,
				Base,
			);
			mainGroup = DBEC77281C7F9BE500154D57;
			productRefGroup = DBEC77321C7F9BE600154D57 /* Products */;
			projectDirPath = "";
			projectRoot = "";
			targets = (
				DBEC77301C7F9BE600154D57 /* appTest */,
			);
		};
/* End PBXProject section */

/* Begin PBXResourcesBuildPhase section */
		DBEC772F1C7F9BE600154D57 /* Resources */ = {
			isa = PBXResourcesBuildPhase;
			buildActionMask = 2147483647;
			files = (
			);
			runOnlyForDeploymentPostprocessing = 0;
		};
/* End PBXResourcesBuildPhase section */

/* Begin PBXSourcesBuildPhase section */
		DBEC772D1C7F9BE600154D57 /* Sources */ = {
			isa = PBXSourcesBuildPhase;
			buildActionMask = 2147483647;
			files = (
				DB67F4551E7B824700567FFE /* json.cpp in Sources */,
				DB67F4561E7B824700567FFE /* threading.cpp in Sources */,
				DBE900F31EAEAA1700E101D2 /* event.cpp in Sources */,
				DBEC77391C7F9BE600154D57 /* AppDelegate.mm in Sources */,
				DB1EB5291E6CE359009C3778 /* fileIO.cpp in Sources */,
				DB5764281D9B0D75005EC1DC /* mobileApp.cpp in Sources */,
				DBEC77401C7F9BE600154D57 /* GameViewController.mm in Sources */,
				DB5764321D9B10B0005EC1DC /* app.cpp in Sources */,
				DB5764341D9B1370005EC1DC /* oglApp.cpp in Sources */,
				DB5764231D9B0D75005EC1DC /* application.cpp in Sources */,
				DBEC77361C7F9BE600154D57 /* main.m in Sources */,
				DBC0CAC91E137B500042743A /* (null) in Sources */,
			);
			runOnlyForDeploymentPostprocessing = 0;
		};
/* End PBXSourcesBuildPhase section */

/* Begin XCBuildConfiguration section */
		DBEC774A1C7F9BE600154D57 /* Debug */ = {
			isa = XCBuildConfiguration;
			buildSettings = {
				ALWAYS_SEARCH_USER_PATHS = NO;
				CLANG_ANALYZER_LOCALIZABILITY_NONLOCALIZED = YES;
				CLANG_CXX_LANGUAGE_STANDARD = "gnu++0x";
				CLANG_CXX_LIBRARY = "libc++";
				CLANG_ENABLE_MODULES = YES;
				CLANG_ENABLE_OBJC_ARC = YES;
				CLANG_WARN_BLOCK_CAPTURE_AUTORELEASING = YES;
				CLANG_WARN_BOOL_CONVERSION = YES;
				CLANG_WARN_COMMA = YES;
				CLANG_WARN_CONSTANT_CONVERSION = YES;
				CLANG_WARN_DEPRECATED_OBJC_IMPLEMENTATIONS = YES;
				CLANG_WARN_DIRECT_OBJC_ISA_USAGE = YES_ERROR;
				CLANG_WARN_EMPTY_BODY = YES;
				CLANG_WARN_ENUM_CONVERSION = YES;
				CLANG_WARN_INFINITE_RECURSION = YES;
				CLANG_WARN_INT_CONVERSION = YES;
				CLANG_WARN_NON_LITERAL_NULL_CONVERSION = YES;
				CLANG_WARN_OBJC_IMPLICIT_RETAIN_SELF = YES;
				CLANG_WARN_OBJC_LITERAL_CONVERSION = YES;
				CLANG_WARN_OBJC_ROOT_CLASS = YES_ERROR;
				CLANG_WARN_QUOTED_INCLUDE_IN_FRAMEWORK_HEADER = YES;
				CLANG_WARN_RANGE_LOOP_ANALYSIS = YES;
				CLANG_WARN_STRICT_PROTOTYPES = YES;
				CLANG_WARN_SUSPICIOUS_MOVE = YES;
				CLANG_WARN_UNREACHABLE_CODE = YES;
				CLANG_WARN__DUPLICATE_METHOD_MATCH = YES;
				"CODE_SIGN_IDENTITY[sdk=iphoneos*]" = "iPhone Developer";
				COPY_PHASE_STRIP = NO;
				DEBUG_INFORMATION_FORMAT = "dwarf-with-dsym";
				ENABLE_STRICT_OBJC_MSGSEND = YES;
				ENABLE_TESTABILITY = YES;
				GCC_C_LANGUAGE_STANDARD = gnu99;
				GCC_DYNAMIC_NO_PIC = NO;
				GCC_NO_COMMON_BLOCKS = YES;
				GCC_OPTIMIZATION_LEVEL = 0;
				GCC_PREPROCESSOR_DEFINITIONS = (
					"DEBUG=1",
					"$(inherited)",
				);
				GCC_WARN_64_TO_32_BIT_CONVERSION = YES;
				GCC_WARN_ABOUT_RETURN_TYPE = YES_ERROR;
				GCC_WARN_UNDECLARED_SELECTOR = YES;
				GCC_WARN_UNINITIALIZED_AUTOS = YES_AGGRESSIVE;
				GCC_WARN_UNUSED_FUNCTION = YES;
				GCC_WARN_UNUSED_VARIABLE = YES;
				IPHONEOS_DEPLOYMENT_TARGET = 12.0;
				MTL_ENABLE_DEBUG_INFO = YES;
				ONLY_ACTIVE_ARCH = YES;
				SDKROOT = iphoneos;
				TARGETED_DEVICE_FAMILY = "1,2";
				USER_HEADER_SEARCH_PATHS = ../../../include;
			};
			name = Debug;
		};
		DBEC774B1C7F9BE600154D57 /* Release */ = {
			isa = XCBuildConfiguration;
			buildSettings = {
				ALWAYS_SEARCH_USER_PATHS = NO;
				CLANG_ANALYZER_LOCALIZABILITY_NONLOCALIZED = YES;
				CLANG_CXX_LANGUAGE_STANDARD = "gnu++0x";
				CLANG_CXX_LIBRARY = "libc++";
				CLANG_ENABLE_MODULES = YES;
				CLANG_ENABLE_OBJC_ARC = YES;
				CLANG_WARN_BLOCK_CAPTURE_AUTORELEASING = YES;
				CLANG_WARN_BOOL_CONVERSION = YES;
				CLANG_WARN_COMMA = YES;
				CLANG_WARN_CONSTANT_CONVERSION = YES;
				CLANG_WARN_DEPRECATED_OBJC_IMPLEMENTATIONS = YES;
				CLANG_WARN_DIRECT_OBJC_ISA_USAGE = YES_ERROR;
				CLANG_WARN_EMPTY_BODY = YES;
				CLANG_WARN_ENUM_CONVERSION = YES;
				CLANG_WARN_INFINITE_RECURSION = YES;
				CLANG_WARN_INT_CONVERSION = YES;
				CLANG_WARN_NON_LITERAL_NULL_CONVERSION = YES;
				CLANG_WARN_OBJC_IMPLICIT_RETAIN_SELF = YES;
				CLANG_WARN_OBJC_LITERAL_CONVERSION = YES;
				CLANG_WARN_OBJC_ROOT_CLASS = YES_ERROR;
				CLANG_WARN_QUOTED_INCLUDE_IN_FRAMEWORK_HEADER = YES;
				CLANG_WARN_RANGE_LOOP_ANALYSIS = YES;
				CLANG_WARN_STRICT_PROTOTYPES = YES;
				CLANG_WARN_SUSPICIOUS_MOVE = YES;
				CLANG_WARN_UNREACHABLE_CODE = YES;
				CLANG_WARN__DUPLICATE_METHOD_MATCH = YES;
				"CODE_SIGN_IDENTITY[sdk=iphoneos*]" = "iPhone Developer";
				COPY_PHASE_STRIP = NO;
				DEBUG_INFORMATION_FORMAT = "dwarf-with-dsym";
				ENABLE_NS_ASSERTIONS = NO;
				ENABLE_STRICT_OBJC_MSGSEND = YES;
				GCC_C_LANGUAGE_STANDARD = gnu99;
				GCC_NO_COMMON_BLOCKS = YES;
				GCC_WARN_64_TO_32_BIT_CONVERSION = YES;
				GCC_WARN_ABOUT_RETURN_TYPE = YES_ERROR;
				GCC_WARN_UNDECLARED_SELECTOR = YES;
				GCC_WARN_UNINITIALIZED_AUTOS = YES_AGGRESSIVE;
				GCC_WARN_UNUSED_FUNCTION = YES;
				GCC_WARN_UNUSED_VARIABLE = YES;
				IPHONEOS_DEPLOYMENT_TARGET = 12.0;
				MTL_ENABLE_DEBUG_INFO = NO;
				SDKROOT = iphoneos;
				TARGETED_DEVICE_FAMILY = "1,2";
				USER_HEADER_SEARCH_PATHS = ../../../include;
				VALIDATE_PRODUCT = YES;
			};
			name = Release;
		};
		DBEC774D1C7F9BE600154D57 /* Debug */ = {
			isa = XCBuildConfiguration;
			buildSettings = {
				ASSETCATALOG_COMPILER_APPICON_NAME = AppIcon;
				CLANG_CXX_LANGUAGE_STANDARD = "c++17";
				CODE_SIGN_IDENTITY = "iPhone Developer";
				DEVELOPMENT_TEAM = "";
				GCC_PREPROCESSOR_DEFINITIONS_NOT_USED_IN_PRECOMPS = GLES_SILENCE_DEPRECATION;
				HEADER_SEARCH_PATHS = "";
				INFOPLIST_FILE = iOS/Info.plist;
				LD_RUNPATH_SEARCH_PATHS = "$(inherited) @executable_path/Frameworks";
				OTHER_CPLUSPLUSFLAGS = "$(OTHER_CFLAGS)";
				PRODUCT_BUNDLE_IDENTIFIER = frustuminteractive.appTest;
				PRODUCT_NAME = "$(TARGET_NAME)";
				USER_HEADER_SEARCH_PATHS = "../include ../../../include";
			};
			name = Debug;
		};
		DBEC774E1C7F9BE600154D57 /* Release */ = {
			isa = XCBuildConfiguration;
			buildSettings = {
				ASSETCATALOG_COMPILER_APPICON_NAME = AppIcon;
				CLANG_CXX_LANGUAGE_STANDARD = "c++17";
				CODE_SIGN_IDENTITY = "iPhone Developer";
				DEVELOPMENT_TEAM = "";
				GCC_PREPROCESSOR_DEFINITIONS_NOT_USED_IN_PRECOMPS = GLES_SILENCE_DEPRECATION;
				HEADER_SEARCH_PATHS = "";
				INFOPLIST_FILE = iOS/Info.plist;
				LD_RUNPATH_SEARCH_PATHS = "$(inherited) @executable_path/Frameworks";
				OTHER_CPLUSPLUSFLAGS = "$(OTHER_CFLAGS)";
				PRODUCT_BUNDLE_IDENTIFIER = frustuminteractive.appTest;
				PRODUCT_NAME = "$(TARGET_NAME)";
				USER_HEADER_SEARCH_PATHS = "../include ../../../include";
			};
			name = Release;
		};
/* End XCBuildConfiguration section */

/* Begin XCConfigurationList section */
		DBEC772C1C7F9BE500154D57 /* Build configuration list for PBXProject "appTest" */ = {
			isa = XCConfigurationList;
			buildConfigurations = (
				DBEC774A1C7F9BE600154D57 /* Debug */,
				DBEC774B1C7F9BE600154D57 /* Release */,
			);
			defaultConfigurationIsVisible = 0;
			defaultConfigurationName = Release;
		};
		DBEC774C1C7F9BE600154D57 /* Build configuration list for PBXNativeTarget "appTest" */ = {
			isa = XCConfigurationList;
			buildConfigurations = (
				DBEC774D1C7F9BE600154D57 /* Debug */,
				DBEC774E1C7F9BE600154D57 /* Release */,
			);
			defaultConfigurationIsVisible = 0;
			defaultConfigurationName = Release;
		};
/* End XCConfigurationList section */
	};
	rootObject = DBEC77291C7F9BE500154D57 /* Project object */;
}
